
Microsoft Visual Studio Solution File, Format Version 11.00
# Visual Studio 2010
Project("{FAE04EC0-301F-11D3-BF4B-00C04F79EFBC}") = "Qake", "Assembly-CSharp.csproj", "{9BD17545-EF65-C564-2E2B-1536D7059870}"
EndProject
Project("{FAE04EC0-301F-11D3-BF4B-00C04F79EFBC}") = "Qake", "Assembly-CSharp-firstpass.csproj", "{7FBBA851-21DF-E59C-BB0A-E36C39B60164}"
EndProject
Project("{FAE04EC0-301F-11D3-BF4B-00C04F79EFBC}") = "Qake", "Assembly-CSharp-Editor.csproj", "{0FE142B7-F6D1-DEB2-F400-F6B9FC978A57}"
EndProject
Global
	GlobalSection(SolutionConfigurationPlatforms) = preSolution
		Debug|Any CPU = Debug|Any CPU
		Release|Any CPU = Release|Any CPU
	EndGlobalSection
	GlobalSection(ProjectConfigurationPlatforms) = postSolution
		{9BD17545-EF65-C564-2E2B-1536D7059870}.Debug|Any CPU.ActiveCfg = Debug|Any CPU
		{9BD17545-EF65-C564-2E2B-1536D7059870}.Debug|Any CPU.Build.0 = Debug|Any CPU
		{9BD17545-EF65-C564-2E2B-1536D7059870}.Release|Any CPU.ActiveCfg = Release|Any CPU
		{9BD17545-EF65-C564-2E2B-1536D7059870}.Release|Any CPU.Build.0 = Release|Any CPU
		{7FBBA851-21DF-E59C-BB0A-E36C39B60164}.Debug|Any CPU.ActiveCfg = Debug|Any CPU
		{7FBBA851-21DF-E59C-BB0A-E36C39B60164}.Debug|Any CPU.Build.0 = Debug|Any CPU
		{7FBBA851-21DF-E59C-BB0A-E36C39B60164}.Release|Any CPU.ActiveCfg = Release|Any CPU
		{7FBBA851-21DF-E59C-BB0A-E36C39B60164}.Release|Any CPU.Build.0 = Release|Any CPU
		{0FE142B7-F6D1-DEB2-F400-F6B9FC978A57}.Debug|Any CPU.ActiveCfg = Debug|Any CPU
		{0FE142B7-F6D1-DEB2-F400-F6B9FC978A57}.Debug|Any CPU.Build.0 = Debug|Any CPU
		{0FE142B7-F6D1-DEB2-F400-F6B9FC978A57}.Release|Any CPU.ActiveCfg = Release|Any CPU
		{0FE142B7-F6D1-DEB2-F400-F6B9FC978A57}.Release|Any CPU.Build.0 = Release|Any CPU
	EndGlobalSection
	GlobalSection(SolutionProperties) = preSolution
		HideSolutionNode = FALSE
	EndGlobalSection
	GlobalSection(MonoDevelopProperties) = preSolution
		StartupItem = Assembly-CSharp.csproj
	EndGlobalSection
EndGlobal
